// !$*UTF8*$!
{
	archiveVersion = 1;
	classes = {
	};
	objectVersion = 50;
	objects = {

/* Begin PBXBuildFile section */
		D24C007D232353EF0040B760 /* main.c in Sources */ = {isa = PBXBuildFile; fileRef = D24C007C232353EF0040B760 /* main.c */; };
		D24C0084232359740040B760 /* LinkedList.c in Sources */ = {isa = PBXBuildFile; fileRef = D24C0083232359740040B760 /* LinkedList.c */; };
		D24C0091232359950040B760 /* IntHashSet.c in Sources */ = {isa = PBXBuildFile; fileRef = D24C008A232359950040B760 /* IntHashSet.c */; };
		D24C0092232359950040B760 /* BitSet.c in Sources */ = {isa = PBXBuildFile; fileRef = D24C008B232359950040B760 /* BitSet.c */; };
		D24C0093232359950040B760 /* strdup.c in Sources */ = {isa = PBXBuildFile; fileRef = D24C008E232359950040B760 /* strdup.c */; };
		D24C0094232359950040B760 /* Makefile in Sources */ = {isa = PBXBuildFile; fileRef = D24C0090232359950040B760 /* Makefile */; };
		D2BEBD95232F1EF300002CB9 /* dfc.c in Sources */ = {isa = PBXBuildFile; fileRef = D2BEBD94232F1EF200002CB9 /* dfc.c */; };
		D2BEBD97232F1F6400002CB9 /* nfa.c in Sources */ = {isa = PBXBuildFile; fileRef = D2BEBD96232F1F6400002CB9 /* nfa.c */; };
/* End PBXBuildFile section */

/* Begin PBXCopyFilesBuildPhase section */
		D24C0077232353EF0040B760 /* CopyFiles */ = {
			isa = PBXCopyFilesBuildPhase;
			buildActionMask = 2147483647;
			dstPath = /usr/share/man/man1/;
			dstSubfolderSpec = 0;
			files = (
			);
			runOnlyForDeploymentPostprocessing = 1;
		};
/* End PBXCopyFilesBuildPhase section */

/* Begin PBXFileReference section */
		D24C0079232353EF0040B760 /* Project 1 */ = {isa = PBXFileReference; explicitFileType = "compiled.mach-o.executable"; includeInIndex = 0; path = "Project 1"; sourceTree = BUILT_PRODUCTS_DIR; };
		D24C007C232353EF0040B760 /* main.c */ = {isa = PBXFileReference; lastKnownFileType = sourcecode.c.c; path = main.c; sourceTree = "<group>"; };
		D24C0083232359740040B760 /* LinkedList.c */ = {isa = PBXFileReference; fileEncoding = 4; lastKnownFileType = sourcecode.c.c; path = LinkedList.c; sourceTree = "<group>"; };
		D24C0085232359940040B760 /* IntHashSet.h */ = {isa = PBXFileReference; fileEncoding = 4; lastKnownFileType = sourcecode.c.h; path = IntHashSet.h; sourceTree = "<group>"; };
		D24C0086232359940040B760 /* dfa.h */ = {isa = PBXFileReference; fileEncoding = 4; lastKnownFileType = sourcecode.c.h; path = dfa.h; sourceTree = "<group>"; };
		D24C0087232359940040B760 /* LinkedList.h */ = {isa = PBXFileReference; fileEncoding = 4; lastKnownFileType = sourcecode.c.h; path = LinkedList.h; sourceTree = "<group>"; };
		D24C0088232359950040B760 /* nfa.h */ = {isa = PBXFileReference; fileEncoding = 4; lastKnownFileType = sourcecode.c.h; path = nfa.h; sourceTree = "<group>"; };
		D24C0089232359950040B760 /* README.txt */ = {isa = PBXFileReference; fileEncoding = 4; lastKnownFileType = text; path = README.txt; sourceTree = "<group>"; };
		D24C008A232359950040B760 /* IntHashSet.c */ = {isa = PBXFileReference; fileEncoding = 4; lastKnownFileType = sourcecode.c.c; path = IntHashSet.c; sourceTree = "<group>"; };
		D24C008B232359950040B760 /* BitSet.c */ = {isa = PBXFileReference; fileEncoding = 4; lastKnownFileType = sourcecode.c.c; path = BitSet.c; sourceTree = "<group>"; };
		D24C008C232359950040B760 /* strdup.h */ = {isa = PBXFileReference; fileEncoding = 4; lastKnownFileType = sourcecode.c.h; path = strdup.h; sourceTree = "<group>"; };
		D24C008D232359950040B760 /* Set.h */ = {isa = PBXFileReference; fileEncoding = 4; lastKnownFileType = sourcecode.c.h; path = Set.h; sourceTree = "<group>"; };
		D24C008E232359950040B760 /* strdup.c */ = {isa = PBXFileReference; fileEncoding = 4; lastKnownFileType = sourcecode.c.c; path = strdup.c; sourceTree = "<group>"; };
		D24C008F232359950040B760 /* BitSet.h */ = {isa = PBXFileReference; fileEncoding = 4; lastKnownFileType = sourcecode.c.h; path = BitSet.h; sourceTree = "<group>"; };
		D24C0090232359950040B760 /* Makefile */ = {isa = PBXFileReference; fileEncoding = 4; lastKnownFileType = sourcecode.make; path = Makefile; sourceTree = "<group>"; };
		D2BEBD94232F1EF200002CB9 /* dfc.c */ = {isa = PBXFileReference; lastKnownFileType = sourcecode.c.c; path = dfc.c; sourceTree = "<group>"; };
		D2BEBD96232F1F6400002CB9 /* nfa.c */ = {isa = PBXFileReference; lastKnownFileType = sourcecode.c.c; path = nfa.c; sourceTree = "<group>"; };
/* End PBXFileReference section */

/* Begin PBXFrameworksBuildPhase section */
		D24C0076232353EF0040B760 /* Frameworks */ = {
			isa = PBXFrameworksBuildPhase;
			buildActionMask = 2147483647;
			files = (
			);
			runOnlyForDeploymentPostprocessing = 0;
		};
/* End PBXFrameworksBuildPhase section */

/* Begin PBXGroup section */
		D24C0070232353EF0040B760 = {
			isa = PBXGroup;
			children = (
				D24C007B232353EF0040B760 /* Project 1 */,
				D24C007A232353EF0040B760 /* Products */,
			);
			sourceTree = "<group>";
		};
		D24C007A232353EF0040B760 /* Products */ = {
			isa = PBXGroup;
			children = (
				D24C0079232353EF0040B760 /* Project 1 */,
			);
			name = Products;
			sourceTree = "<group>";
		};
		D24C007B232353EF0040B760 /* Project 1 */ = {
			isa = PBXGroup;
			children = (
				D24C008B232359950040B760 /* BitSet.c */,
				D24C008F232359950040B760 /* BitSet.h */,
				D24C0086232359940040B760 /* dfa.h */,
				D2BEBD94232F1EF200002CB9 /* dfc.c */,
				D24C008A232359950040B760 /* IntHashSet.c */,
				D24C0085232359940040B760 /* IntHashSet.h */,
				D24C0083232359740040B760 /* LinkedList.c */,
				D24C0087232359940040B760 /* LinkedList.h */,
				D24C007C232353EF0040B760 /* main.c */,
				D24C0090232359950040B760 /* Makefile */,
				D24C0088232359950040B760 /* nfa.h */,
				D2BEBD96232F1F6400002CB9 /* nfa.c */,
				D24C0089232359950040B760 /* README.txt */,
				D24C008D232359950040B760 /* Set.h */,
				D24C008E232359950040B760 /* strdup.c */,
				D24C008C232359950040B760 /* strdup.h */,
			);
			path = "Project 1";
			sourceTree = "<group>";
		};
/* End PBXGroup section */

/* Begin PBXNativeTarget section */
		D24C0078232353EF0040B760 /* Project 1 */ = {
			isa = PBXNativeTarget;
			buildConfigurationList = D24C0080232353EF0040B760 /* Build configuration list for PBXNativeTarget "Project 1" */;
			buildPhases = (
				D24C0075232353EF0040B760 /* Sources */,
				D24C0076232353EF0040B760 /* Frameworks */,
				D24C0077232353EF0040B760 /* CopyFiles */,
			);
			buildRules = (
			);
			dependencies = (
			);
			name = "Project 1";
			productName = "Project 1";
			productReference = D24C0079232353EF0040B760 /* Project 1 */;
			productType = "com.apple.product-type.tool";
		};
/* End PBXNativeTarget section */

/* Begin PBXProject section */
		D24C0071232353EF0040B760 /* Project object */ = {
			isa = PBXProject;
			attributes = {
				LastUpgradeCheck = 1030;
				ORGANIZATIONNAME = "Daniel Choi";
				TargetAttributes = {
					D24C0078232353EF0040B760 = {
						CreatedOnToolsVersion = 10.3;
					};
				};
			};
			buildConfigurationList = D24C0074232353EF0040B760 /* Build configuration list for PBXProject "Project 1" */;
			compatibilityVersion = "Xcode 9.3";
			developmentRegion = en;
			hasScannedForEncodings = 0;
			knownRegions = (
				en,
			);
			mainGroup = D24C0070232353EF0040B760;
			productRefGroup = D24C007A232353EF0040B760 /* Products */;
			projectDirPath = "";
			projectRoot = "";
			targets = (
				D24C0078232353EF0040B760 /* Project 1 */,
			);
		};
/* End PBXProject section */

/* Begin PBXSourcesBuildPhase section */
		D24C0075232353EF0040B760 /* Sources */ = {
			isa = PBXSourcesBuildPhase;
			buildActionMask = 2147483647;
			files = (
				D24C0094232359950040B760 /* Makefile in Sources */,
				D2BEBD95232F1EF300002CB9 /* dfc.c in Sources */,
				D24C0092232359950040B760 /* BitSet.c in Sources */,
				D2BEBD97232F1F6400002CB9 /* nfa.c in Sources */,
				D24C0091232359950040B760 /* IntHashSet.c in Sources */,
				D24C0084232359740040B760 /* LinkedList.c in Sources */,
				D24C0093232359950040B760 /* strdup.c in Sources */,
				D24C007D232353EF0040B760 /* main.c in Sources */,
			);
			runOnlyForDeploymentPostprocessing = 0;
		};
/* End PBXSourcesBuildPhase section */

/* Begin XCBuildConfiguration section */
		D24C007E232353EF0040B760 /* Debug */ = {
			isa = XCBuildConfiguration;
			buildSettings = {
				ALWAYS_SEARCH_USER_PATHS = NO;
				CLANG_ANALYZER_NONNULL = YES;
				CLANG_ANALYZER_NUMBER_OBJECT_CONVERSION = YES_AGGRESSIVE;
				CLANG_CXX_LANGUAGE_STANDARD = "gnu++14";
				CLANG_CXX_LIBRARY = "libc++";
				CLANG_ENABLE_MODULES = YES;
				CLANG_ENABLE_OBJC_ARC = YES;
				CLANG_ENABLE_OBJC_WEAK = YES;
				CLANG_WARN_BLOCK_CAPTURE_AUTORELEASING = YES;
				CLANG_WARN_BOOL_CONVERSION = YES;
				CLANG_WARN_COMMA = YES;
				CLANG_WARN_CONSTANT_CONVERSION = YES;
				CLANG_WARN_DEPRECATED_OBJC_IMPLEMENTATIONS = YES;
				CLANG_WARN_DIRECT_OBJC_ISA_USAGE = YES_ERROR;
				CLANG_WARN_DOCUMENTATION_COMMENTS = YES;
				CLANG_WARN_EMPTY_BODY = YES;
				CLANG_WARN_ENUM_CONVERSION = YES;
				CLANG_WARN_INFINITE_RECURSION = YES;
				CLANG_WARN_INT_CONVERSION = YES;
				CLANG_WARN_NON_LITERAL_NULL_CONVERSION = YES;
				CLANG_WARN_OBJC_IMPLICIT_RETAIN_SELF = YES;
				CLANG_WARN_OBJC_LITERAL_CONVERSION = YES;
				CLANG_WARN_OBJC_ROOT_CLASS = YES_ERROR;
				CLANG_WARN_RANGE_LOOP_ANALYSIS = YES;
				CLANG_WARN_STRICT_PROTOTYPES = YES;
				CLANG_WARN_SUSPICIOUS_MOVE = YES;
				CLANG_WARN_UNGUARDED_AVAILABILITY = YES_AGGRESSIVE;
				CLANG_WARN_UNREACHABLE_CODE = YES;
				CLANG_WARN__DUPLICATE_METHOD_MATCH = YES;
				CODE_SIGN_IDENTITY = "-";
				COPY_PHASE_STRIP = NO;
				DEBUG_INFORMATION_FORMAT = dwarf;
				ENABLE_STRICT_OBJC_MSGSEND = YES;
				ENABLE_TESTABILITY = YES;
				GCC_C_LANGUAGE_STANDARD = c99;
				GCC_DYNAMIC_NO_PIC = NO;
				GCC_NO_COMMON_BLOCKS = YES;
				GCC_OPTIMIZATION_LEVEL = 0;
				GCC_PREPROCESSOR_DEFINITIONS = (
					"DEBUG=1",
					"$(inherited)",
				);
				GCC_WARN_64_TO_32_BIT_CONVERSION = YES;
				GCC_WARN_ABOUT_RETURN_TYPE = YES_ERROR;
				GCC_WARN_UNDECLARED_SELECTOR = YES;
				GCC_WARN_UNINITIALIZED_AUTOS = YES_AGGRESSIVE;
				GCC_WARN_UNUSED_FUNCTION = YES;
				GCC_WARN_UNUSED_VARIABLE = YES;
				MACOSX_DEPLOYMENT_TARGET = 10.14;
				MTL_ENABLE_DEBUG_INFO = INCLUDE_SOURCE;
				MTL_FAST_MATH = YES;
				ONLY_ACTIVE_ARCH = YES;
				SDKROOT = macosx;
			};
			name = Debug;
		};
		D24C007F232353EF0040B760 /* Release */ = {
			isa = XCBuildConfiguration;
			buildSettings = {
				ALWAYS_SEARCH_USER_PATHS = NO;
				CLANG_ANALYZER_NONNULL = YES;
				CLANG_ANALYZER_NUMBER_OBJECT_CONVERSION = YES_AGGRESSIVE;
				CLANG_CXX_LANGUAGE_STANDARD = "gnu++14";
				CLANG_CXX_LIBRARY = "libc++";
				CLANG_ENABLE_MODULES = YES;
				CLANG_ENABLE_OBJC_ARC = YES;
				CLANG_ENABLE_OBJC_WEAK = YES;
				CLANG_WARN_BLOCK_CAPTURE_AUTORELEASING = YES;
				CLANG_WARN_BOOL_CONVERSION = YES;
				CLANG_WARN_COMMA = YES;
				CLANG_WARN_CONSTANT_CONVERSION = YES;
				CLANG_WARN_DEPRECATED_OBJC_IMPLEMENTATIONS = YES;
				CLANG_WARN_DIRECT_OBJC_ISA_USAGE = YES_ERROR;
				CLANG_WARN_DOCUMENTATION_COMMENTS = YES;
				CLANG_WARN_EMPTY_BODY = YES;
				CLANG_WARN_ENUM_CONVERSION = YES;
				CLANG_WARN_INFINITE_RECURSION = YES;
				CLANG_WARN_INT_CONVERSION = YES;
				CLANG_WARN_NON_LITERAL_NULL_CONVERSION = YES;
				CLANG_WARN_OBJC_IMPLICIT_RETAIN_SELF = YES;
				CLANG_WARN_OBJC_LITERAL_CONVERSION = YES;
				CLANG_WARN_OBJC_ROOT_CLASS = YES_ERROR;
				CLANG_WARN_RANGE_LOOP_ANALYSIS = YES;
				CLANG_WARN_STRICT_PROTOTYPES = YES;
				CLANG_WARN_SUSPICIOUS_MOVE = YES;
				CLANG_WARN_UNGUARDED_AVAILABILITY = YES_AGGRESSIVE;
				CLANG_WARN_UNREACHABLE_CODE = YES;
				CLANG_WARN__DUPLICATE_METHOD_MATCH = YES;
				CODE_SIGN_IDENTITY = "-";
				COPY_PHASE_STRIP = NO;
				DEBUG_INFORMATION_FORMAT = "dwarf-with-dsym";
				ENABLE_NS_ASSERTIONS = NO;
				ENABLE_STRICT_OBJC_MSGSEND = YES;
				GCC_C_LANGUAGE_STANDARD = c99;
				GCC_NO_COMMON_BLOCKS = YES;
				GCC_WARN_64_TO_32_BIT_CONVERSION = YES;
				GCC_WARN_ABOUT_RETURN_TYPE = YES_ERROR;
				GCC_WARN_UNDECLARED_SELECTOR = YES;
				GCC_WARN_UNINITIALIZED_AUTOS = YES_AGGRESSIVE;
				GCC_WARN_UNUSED_FUNCTION = YES;
				GCC_WARN_UNUSED_VARIABLE = YES;
				MACOSX_DEPLOYMENT_TARGET = 10.14;
				MTL_ENABLE_DEBUG_INFO = NO;
				MTL_FAST_MATH = YES;
				SDKROOT = macosx;
			};
			name = Release;
		};
		D24C0081232353EF0040B760 /* Debug */ = {
			isa = XCBuildConfiguration;
			buildSettings = {
				CODE_SIGN_STYLE = Automatic;
				PRODUCT_NAME = "$(TARGET_NAME)";
			};
			name = Debug;
		};
		D24C0082232353EF0040B760 /* Release */ = {
			isa = XCBuildConfiguration;
			buildSettings = {
				CODE_SIGN_STYLE = Automatic;
				PRODUCT_NAME = "$(TARGET_NAME)";
			};
			name = Release;
		};
/* End XCBuildConfiguration section */

/* Begin XCConfigurationList section */
		D24C0074232353EF0040B760 /* Build configuration list for PBXProject "Project 1" */ = {
			isa = XCConfigurationList;
			buildConfigurations = (
				D24C007E232353EF0040B760 /* Debug */,
				D24C007F232353EF0040B760 /* Release */,
			);
			defaultConfigurationIsVisible = 0;
			defaultConfigurationName = Release;
		};
		D24C0080232353EF0040B760 /* Build configuration list for PBXNativeTarget "Project 1" */ = {
			isa = XCConfigurationList;
			buildConfigurations = (
				D24C0081232353EF0040B760 /* Debug */,
				D24C0082232353EF0040B760 /* Release */,
			);
			defaultConfigurationIsVisible = 0;
			defaultConfigurationName = Release;
		};
/* End XCConfigurationList section */
	};
	rootObject = D24C0071232353EF0040B760 /* Project object */;
}
